
Microsoft Visual Studio Solution File, Format Version 12.00
# Visual Studio Version 17
VisualStudioVersion = 17.14.37328.6 d17.14
MinimumVisualStudioVersion = 10.0.40219.1
Project("{FAE04EC0-301F-11D3-BF4B-00C04F79EFBC}") = "Fortissimo", "Fortissimo.csproj", "{533DAB20-5A5B-0AB9-1EC8-BD45B4C1D822}"
EndProject
Global
	GlobalSection(SolutionConfigurationPlatforms) = preSolution
		Debug|Any CPU = Debug|Any CPU
		Release|Any CPU = Release|Any CPU
	EndGlobalSection
	GlobalSection(ProjectConfigurationPlatforms) = postSolution
		{533DAB20-5A5B-0AB9-1EC8-BD45B4C1D822}.Debug|Any CPU.ActiveCfg = Debug|Any CPU
		{533DAB20-5A5B-0AB9-1EC8-BD45B4C1D822}.Debug|Any CPU.Build.0 = Debug|Any CPU
		{533DAB20-5A5B-0AB9-1EC8-BD45B4C1D822}.Release|Any CPU.ActiveCfg = Release|Any CPU
		{533DAB20-5A5B-0AB9-1EC8-BD45B4C1D822}.Release|Any CPU.Build.0 = Release|Any CPU
	EndGlobalSection
	GlobalSection(SolutionProperties) = preSolution
		HideSolutionNode = FALSE
	EndGlobalSection
	GlobalSection(ExtensibilityGlobals) = postSolution
		SolutionGuid = {9A93426E-10AE-496E-9861-2A8A0E8AD5AC}
	EndGlobalSection
EndGlobal
